
Microsoft Visual Studio Solution File, Format Version 12.00
# Visual Studio Version 17
VisualStudioVersion = 17.0.32014.148
MinimumVisualStudioVersion = 10.0.40219.1
Project("{8BC9CEB8-8B4A-11D0-8D11-00A0C91BC942}") = "Client_FirstProject", "Client_FirstProject\Client_FirstProject.vcxproj", "{620D5791-B00B-4D1D-B80D-04DD57F31942}"
EndProject
Project("{8BC9CEB8-8B4A-11D0-8D11-00A0C91BC942}") = "ConstantExpression", "ConstantExpression\ConstantExpression.vcxproj", "{5ACDF72F-400A-4027-9916-81570D29A654}"
EndProject
Project("{8BC9CEB8-8B4A-11D0-8D11-00A0C91BC942}") = "Variables", "Variables\Variables.vcxproj", "{FC2EA636-5881-405D-AF13-1F4F6E7EDF00}"
EndProject
Project("{8BC9CEB8-8B4A-11D0-8D11-00A0C91BC942}") = "OutFunction_scanf", "OutFunction_scanf\OutFunction_scanf.vcxproj", "{3DA063B4-48A1-4EB2-BCB5-999484A3BF17}"
EndProject
Project("{8BC9CEB8-8B4A-11D0-8D11-00A0C91BC942}") = "Operator", "Operator\Operator.vcxproj", "{BB8B8508-8689-4619-9D26-B9F3EC3929D5}"
EndProject
Project("{8BC9CEB8-8B4A-11D0-8D11-00A0C91BC942}") = "ControlStatement_if", "ControlStatement\ControlStatement.vcxproj", "{B63583BC-6190-4AB1-9698-F66086584125}"
EndProject
Project("{8BC9CEB8-8B4A-11D0-8D11-00A0C91BC942}") = "ControlStatement_switch", "ControlStatement_switch\ControlStatement_switch.vcxproj", "{4570133F-6763-4A41-A28B-9549BB2DBFDA}"
EndProject
Project("{8BC9CEB8-8B4A-11D0-8D11-00A0C91BC942}") = "ControlStatement_loop", "ControlStatement_loop\ControlStatement_loop.vcxproj", "{A77E3C9F-B0A0-483D-BBBA-C7AF2CA734E6}"
EndProject
Project("{8BC9CEB8-8B4A-11D0-8D11-00A0C91BC942}") = "Function", "Function\Function.vcxproj", "{4F3BFFF3-4731-44E2-8BEA-C5088E6AD60F}"
EndProject
Project("{8BC9CEB8-8B4A-11D0-8D11-00A0C91BC942}") = "과제 1", "과제 1\과제 1.vcxproj", "{6BE8875F-E10F-43E6-BEE1-4959DF13C0DF}"
EndProject
Project("{8BC9CEB8-8B4A-11D0-8D11-00A0C91BC942}") = "과제 2", "과제 2\과제 2.vcxproj", "{C9A37A19-5702-4002-BA66-F1F5585A88DC}"
EndProject
Project("{8BC9CEB8-8B4A-11D0-8D11-00A0C91BC942}") = "pointer", "pointer.c\pointer.c.vcxproj", "{29549C8F-ACEC-49BE-973E-AA236D42E64D}"
EndProject
Global
	GlobalSection(SolutionConfigurationPlatforms) = preSolution
		Debug|x64 = Debug|x64
		Debug|x86 = Debug|x86
		Release|x64 = Release|x64
		Release|x86 = Release|x86
	EndGlobalSection
	GlobalSection(ProjectConfigurationPlatforms) = postSolution
		{620D5791-B00B-4D1D-B80D-04DD57F31942}.Debug|x64.ActiveCfg = Debug|x64
		{620D5791-B00B-4D1D-B80D-04DD57F31942}.Debug|x64.Build.0 = Debug|x64
		{620D5791-B00B-4D1D-B80D-04DD57F31942}.Debug|x86.ActiveCfg = Debug|Win32
		{620D5791-B00B-4D1D-B80D-04DD57F31942}.Debug|x86.Build.0 = Debug|Win32
		{620D5791-B00B-4D1D-B80D-04DD57F31942}.Release|x64.ActiveCfg = Release|x64
		{620D5791-B00B-4D1D-B80D-04DD57F31942}.Release|x64.Build.0 = Release|x64
		{620D5791-B00B-4D1D-B80D-04DD57F31942}.Release|x86.ActiveCfg = Release|Win32
		{620D5791-B00B-4D1D-B80D-04DD57F31942}.Release|x86.Build.0 = Release|Win32
		{5ACDF72F-400A-4027-9916-81570D29A654}.Debug|x64.ActiveCfg = Debug|x64
		{5ACDF72F-400A-4027-9916-81570D29A654}.Debug|x64.Build.0 = Debug|x64
		{5ACDF72F-400A-4027-9916-81570D29A654}.Debug|x86.ActiveCfg = Debug|Win32
		{5ACDF72F-400A-4027-9916-81570D29A654}.Debug|x86.Build.0 = Debug|Win32
		{5ACDF72F-400A-4027-9916-81570D29A654}.Release|x64.ActiveCfg = Release|x64
		{5ACDF72F-400A-4027-9916-81570D29A654}.Release|x64.Build.0 = Release|x64
		{5ACDF72F-400A-4027-9916-81570D29A654}.Release|x86.ActiveCfg = Release|Win32
		{5ACDF72F-400A-4027-9916-81570D29A654}.Release|x86.Build.0 = Release|Win32
		{FC2EA636-5881-405D-AF13-1F4F6E7EDF00}.Debug|x64.ActiveCfg = Debug|x64
		{FC2EA636-5881-405D-AF13-1F4F6E7EDF00}.Debug|x64.Build.0 = Debug|x64
		{FC2EA636-5881-405D-AF13-1F4F6E7EDF00}.Debug|x86.ActiveCfg = Debug|Win32
		{FC2EA636-5881-405D-AF13-1F4F6E7EDF00}.Debug|x86.Build.0 = Debug|Win32
		{FC2EA636-5881-405D-AF13-1F4F6E7EDF00}.Release|x64.ActiveCfg = Release|x64
		{FC2EA636-5881-405D-AF13-1F4F6E7EDF00}.Release|x64.Build.0 = Release|x64
		{FC2EA636-5881-405D-AF13-1F4F6E7EDF00}.Release|x86.ActiveCfg = Release|Win32
		{FC2EA636-5881-405D-AF13-1F4F6E7EDF00}.Release|x86.Build.0 = Release|Win32
		{3DA063B4-48A1-4EB2-BCB5-999484A3BF17}.Debug|x64.ActiveCfg = Debug|x64
		{3DA063B4-48A1-4EB2-BCB5-999484A3BF17}.Debug|x64.Build.0 = Debug|x64
		{3DA063B4-48A1-4EB2-BCB5-999484A3BF17}.Debug|x86.ActiveCfg = Debug|Win32
		{3DA063B4-48A1-4EB2-BCB5-999484A3BF17}.Debug|x86.Build.0 = Debug|Win32
		{3DA063B4-48A1-4EB2-BCB5-999484A3BF17}.Release|x64.ActiveCfg = Release|x64
		{3DA063B4-48A1-4EB2-BCB5-999484A3BF17}.Release|x64.Build.0 = Release|x64
		{3DA063B4-48A1-4EB2-BCB5-999484A3BF17}.Release|x86.ActiveCfg = Release|Win32
		{3DA063B4-48A1-4EB2-BCB5-999484A3BF17}.Release|x86.Build.0 = Release|Win32
		{BB8B8508-8689-4619-9D26-B9F3EC3929D5}.Debug|x64.ActiveCfg = Debug|x64
		{BB8B8508-8689-4619-9D26-B9F3EC3929D5}.Debug|x64.Build.0 = Debug|x64
		{BB8B8508-8689-4619-9D26-B9F3EC3929D5}.Debug|x86.ActiveCfg = Debug|Win32
		{BB8B8508-8689-4619-9D26-B9F3EC3929D5}.Debug|x86.Build.0 = Debug|Win32
		{BB8B8508-8689-4619-9D26-B9F3EC3929D5}.Release|x64.ActiveCfg = Release|x64
		{BB8B8508-8689-4619-9D26-B9F3EC3929D5}.Release|x64.Build.0 = Release|x64
		{BB8B8508-8689-4619-9D26-B9F3EC3929D5}.Release|x86.ActiveCfg = Release|Win32
		{BB8B8508-8689-4619-9D26-B9F3EC3929D5}.Release|x86.Build.0 = Release|Win32
		{B63583BC-6190-4AB1-9698-F66086584125}.Debug|x64.ActiveCfg = Debug|x64
		{B63583BC-6190-4AB1-9698-F66086584125}.Debug|x64.Build.0 = Debug|x64
		{B63583BC-6190-4AB1-9698-F66086584125}.Debug|x86.ActiveCfg = Debug|Win32
		{B63583BC-6190-4AB1-9698-F66086584125}.Debug|x86.Build.0 = Debug|Win32
		{B63583BC-6190-4AB1-9698-F66086584125}.Release|x64.ActiveCfg = Release|x64
		{B63583BC-6190-4AB1-9698-F66086584125}.Release|x64.Build.0 = Release|x64
		{B63583BC-6190-4AB1-9698-F66086584125}.Release|x86.ActiveCfg = Release|Win32
		{B63583BC-6190-4AB1-9698-F66086584125}.Release|x86.Build.0 = Release|Win32
		{4570133F-6763-4A41-A28B-9549BB2DBFDA}.Debug|x64.ActiveCfg = Debug|x64
		{4570133F-6763-4A41-A28B-9549BB2DBFDA}.Debug|x64.Build.0 = Debug|x64
		{4570133F-6763-4A41-A28B-9549BB2DBFDA}.Debug|x86.ActiveCfg = Debug|Win32
		{4570133F-6763-4A41-A28B-9549BB2DBFDA}.Debug|x86.Build.0 = Debug|Win32
		{4570133F-6763-4A41-A28B-9549BB2DBFDA}.Release|x64.ActiveCfg = Release|x64
		{4570133F-6763-4A41-A28B-9549BB2DBFDA}.Release|x64.Build.0 = Release|x64
		{4570133F-6763-4A41-A28B-9549BB2DBFDA}.Release|x86.ActiveCfg = Release|Win32
		{4570133F-6763-4A41-A28B-9549BB2DBFDA}.Release|x86.Build.0 = Release|Win32
		{A77E3C9F-B0A0-483D-BBBA-C7AF2CA734E6}.Debug|x64.ActiveCfg = Debug|x64
		{A77E3C9F-B0A0-483D-BBBA-C7AF2CA734E6}.Debug|x64.Build.0 = Debug|x64
		{A77E3C9F-B0A0-483D-BBBA-C7AF2CA734E6}.Debug|x86.ActiveCfg = Debug|Win32
		{A77E3C9F-B0A0-483D-BBBA-C7AF2CA734E6}.Debug|x86.Build.0 = Debug|Win32
		{A77E3C9F-B0A0-483D-BBBA-C7AF2CA734E6}.Release|x64.ActiveCfg = Release|x64
		{A77E3C9F-B0A0-483D-BBBA-C7AF2CA734E6}.Release|x64.Build.0 = Release|x64
		{A77E3C9F-B0A0-483D-BBBA-C7AF2CA734E6}.Release|x86.ActiveCfg = Release|Win32
		{A77E3C9F-B0A0-483D-BBBA-C7AF2CA734E6}.Release|x86.Build.0 = Release|Win32
		{4F3BFFF3-4731-44E2-8BEA-C5088E6AD60F}.Debug|x64.ActiveCfg = Debug|x64
		{4F3BFFF3-4731-44E2-8BEA-C5088E6AD60F}.Debug|x64.Build.0 = Debug|x64
		{4F3BFFF3-4731-44E2-8BEA-C5088E6AD60F}.Debug|x86.ActiveCfg = Debug|Win32
		{4F3BFFF3-4731-44E2-8BEA-C5088E6AD60F}.Debug|x86.Build.0 = Debug|Win32
		{4F3BFFF3-4731-44E2-8BEA-C5088E6AD60F}.Release|x64.ActiveCfg = Release|x64
		{4F3BFFF3-4731-44E2-8BEA-C5088E6AD60F}.Release|x64.Build.0 = Release|x64
		{4F3BFFF3-4731-44E2-8BEA-C5088E6AD60F}.Release|x86.ActiveCfg = Release|Win32
		{4F3BFFF3-4731-44E2-8BEA-C5088E6AD60F}.Release|x86.Build.0 = Release|Win32
		{6BE8875F-E10F-43E6-BEE1-4959DF13C0DF}.Debug|x64.ActiveCfg = Debug|x64
		{6BE8875F-E10F-43E6-BEE1-4959DF13C0DF}.Debug|x64.Build.0 = Debug|x64
		{6BE8875F-E10F-43E6-BEE1-4959DF13C0DF}.Debug|x86.ActiveCfg = Debug|Win32
		{6BE8875F-E10F-43E6-BEE1-4959DF13C0DF}.Debug|x86.Build.0 = Debug|Win32
		{6BE8875F-E10F-43E6-BEE1-4959DF13C0DF}.Release|x64.ActiveCfg = Release|x64
		{6BE8875F-E10F-43E6-BEE1-4959DF13C0DF}.Release|x64.Build.0 = Release|x64
		{6BE8875F-E10F-43E6-BEE1-4959DF13C0DF}.Release|x86.ActiveCfg = Release|Win32
		{6BE8875F-E10F-43E6-BEE1-4959DF13C0DF}.Release|x86.Build.0 = Release|Win32
		{C9A37A19-5702-4002-BA66-F1F5585A88DC}.Debug|x64.ActiveCfg = Debug|x64
		{C9A37A19-5702-4002-BA66-F1F5585A88DC}.Debug|x64.Build.0 = Debug|x64
		{C9A37A19-5702-4002-BA66-F1F5585A88DC}.Debug|x86.ActiveCfg = Debug|Win32
		{C9A37A19-5702-4002-BA66-F1F5585A88DC}.Debug|x86.Build.0 = Debug|Win32
		{C9A37A19-5702-4002-BA66-F1F5585A88DC}.Release|x64.ActiveCfg = Release|x64
		{C9A37A19-5702-4002-BA66-F1F5585A88DC}.Release|x64.Build.0 = Release|x64
		{C9A37A19-5702-4002-BA66-F1F5585A88DC}.Release|x86.ActiveCfg = Release|Win32
		{C9A37A19-5702-4002-BA66-F1F5585A88DC}.Release|x86.Build.0 = Release|Win32
		{29549C8F-ACEC-49BE-973E-AA236D42E64D}.Debug|x64.ActiveCfg = Debug|x64
		{29549C8F-ACEC-49BE-973E-AA236D42E64D}.Debug|x64.Build.0 = Debug|x64
		{29549C8F-ACEC-49BE-973E-AA236D42E64D}.Debug|x86.ActiveCfg = Debug|Win32
		{29549C8F-ACEC-49BE-973E-AA236D42E64D}.Debug|x86.Build.0 = Debug|Win32
		{29549C8F-ACEC-49BE-973E-AA236D42E64D}.Release|x64.ActiveCfg = Release|x64
		{29549C8F-ACEC-49BE-973E-AA236D42E64D}.Release|x64.Build.0 = Release|x64
		{29549C8F-ACEC-49BE-973E-AA236D42E64D}.Release|x86.ActiveCfg = Release|Win32
		{29549C8F-ACEC-49BE-973E-AA236D42E64D}.Release|x86.Build.0 = Release|Win32
	EndGlobalSection
	GlobalSection(SolutionProperties) = preSolution
		HideSolutionNode = FALSE
	EndGlobalSection
	GlobalSection(ExtensibilityGlobals) = postSolution
		SolutionGuid = {79EEEF8D-52F1-44D8-BB6F-05597631E1E9}
	EndGlobalSection
EndGlobal
